hash: 4d78c2804b88bbdeaf246ec8ac40819abdebf122efe22674d9b502d007d9cd4b
updated: 2017-07-31T20:12:13.209755906+08:00
imports:
- name: github.com/codeskyblue/go-sh
  version: cb4ec65adea40d534790c023bf746d7a31a0d5d0
- name: github.com/gin-contrib/sse
  version: 22d885f9ecc78bf4ee5d72b937e4bbcdc58e8cae
- name: github.com/gin-gonic/gin
  version: d459835d2b077e44f7c9b453505ee29881d5d12d
  subpackages:
  - binding
  - render
- name: github.com/go-ini/ini
  version: d3de07a94d22b4a0972deb4b96d790c2c0ce8333
- name: github.com/golang/protobuf
  version: 748d386b5c1ea99658fd69fe9f03991ce86a90c1
  subpackages:
  - proto
- name: github.com/googollee/go-socket.io
  version: 5447e71f36d394766bf855d5714a487596809f0d
- name: github.com/mattn/go-isatty
  version: fc9e8d8ef48496124e79ae0df75490096eccf6fe
- name: github.com/sadlil/go-trigger
  version: fc119c7baf496759b86968ffd528a0a0d2338227
- name: github.com/shirou/gopsutil
  version: aa0a3bce9d1f4efc710ed812f19f77851da2eedd
- name: github.com/ugorji/go
  version: 5efa3251c7f7d05e5d9704a69a984ec9f1386a40
  subpackages:
  - codec
- name: golang.org/x/sys/unix
  version: 0f826bdd13b500be0f1d4004938ad978fcc6031e
- name: gopkg.in/go-playground/validator.v8
  version: 5f1438d3fca68893a817e4a66806cea46a9e4ebf
- name: gopkg.in/yaml.v2
  version: 25c4ec802a7d637f88d584ab26798e94ad14c13b
testImports: []
